
Microsoft Visual Studio Solution File, Format Version 10.00
# Visual Studio 2008
Project("{FAE04EC0-301F-11D3-BF4B-00C04F79EFBC}") = "NuvoControl.Common.Interfaces", "NuvoControl.Common.Interfaces.csproj", "{EDE66754-2D50-4E5D-BCE3-B825414AE4DC}"
EndProject
Global
	GlobalSection(SolutionConfigurationPlatforms) = preSolution
		Debug|Any CPU = Debug|Any CPU
		Release|Any CPU = Release|Any CPU
	EndGlobalSection
	GlobalSection(ProjectConfigurationPlatforms) = postSolution
		{EDE66754-2D50-4E5D-BCE3-B825414AE4DC}.Debug|Any CPU.ActiveCfg = Debug|Any CPU
		{EDE66754-2D50-4E5D-BCE3-B825414AE4DC}.Debug|Any CPU.Build.0 = Debug|Any CPU
		{EDE66754-2D50-4E5D-BCE3-B825414AE4DC}.Release|Any CPU.ActiveCfg = Release|Any CPU
		{EDE66754-2D50-4E5D-BCE3-B825414AE4DC}.Release|Any CPU.Build.0 = Release|Any CPU
	EndGlobalSection
	GlobalSection(SolutionProperties) = preSolution
		HideSolutionNode = FALSE
	EndGlobalSection
EndGlobal
