
Microsoft Visual Studio Solution File, Format Version 10.00
# Visual Studio 2008
Project("{FAE04EC0-301F-11D3-BF4B-00C04F79EFBC}") = "NuvoControl.Common", "Common\NuvoControl.Common\NuvoControl.Common.csproj", "{2C8F1A31-ADF8-4BF1-BCA7-032007ED6C61}"
EndProject
Project("{FAE04EC0-301F-11D3-BF4B-00C04F79EFBC}") = "NuvoControl.Server.CommunicationDriver", "Server\NuvoControl.Server.CommunicationDriver\NuvoControl.Server.CommunicationDriver.csproj", "{295804DA-0A18-4B2D-A9EE-4B1813A408BC}"
EndProject
Project("{FAE04EC0-301F-11D3-BF4B-00C04F79EFBC}") = "NuvoControl.Server.ProtocolDriver", "Server\NuvoControl.Server.ProtocolDriver\NuvoControl.Server.ProtocolDriver.csproj", "{C5C321D7-92B9-4A5B-A278-F89FF09664B2}"
EndProject
Project("{FAE04EC0-301F-11D3-BF4B-00C04F79EFBC}") = "NuvoControl.Test.COMListener", "Test\NuvoControl.Test.COMListener\NuvoControl.Test.COMListener.csproj", "{65167131-3AD1-4032-8777-5F5F6D3DAE72}"
EndProject
Project("{FAE04EC0-301F-11D3-BF4B-00C04F79EFBC}") = "NuvoControl.Test.RS232", "Test\NuvoControl.Test.RS232\NuvoControl.Test.RS232.csproj", "{1BAAB9D4-EBFE-4648-870C-BE17FE90EB9F}"
EndProject
Project("{FAE04EC0-301F-11D3-BF4B-00C04F79EFBC}") = "NuvoControl.Server.ProtocolDriver.Interface", "Server\NuvoControl.Server.ProtocolDriver.Interface\NuvoControl.Server.ProtocolDriver.Interface.csproj", "{817F6C4B-65C6-4A90-966E-F76FD8AC4202}"
EndProject
Project("{FAE04EC0-301F-11D3-BF4B-00C04F79EFBC}") = "NuvoControl.Server.ProtocolDriver.UnitTest", "Server\NuvoControl.Server.ProtocolDriver.UnitTest\NuvoControl.Server.ProtocolDriver.UnitTest.csproj", "{4C8A5D1E-9D3B-4B51-96FF-2AB498A026D9}"
EndProject
Project("{2150E333-8FDC-42A3-9474-1A3956D46DE8}") = "Solution Items", "Solution Items", "{4D3BB3D4-A8C6-4145-88F3-355FF74233CA}"
	ProjectSection(SolutionItems) = preProject
		LocalTestRun.testrunconfig = LocalTestRun.testrunconfig
		NuvoControl1.vsmdi = NuvoControl1.vsmdi
		NuvoControl2.vsmdi = NuvoControl2.vsmdi
		NuvoControl3.vsmdi = NuvoControl3.vsmdi
		NuvoControl4.vsmdi = NuvoControl4.vsmdi
		NuvoControl5.vsmdi = NuvoControl5.vsmdi
		NuvoControl6.vsmdi = NuvoControl6.vsmdi
		NuvoControl7.vsmdi = NuvoControl7.vsmdi
		NuvoControl8.vsmdi = NuvoControl8.vsmdi
		NuvoControl9.vsmdi = NuvoControl9.vsmdi
		READ-ME.txt = READ-ME.txt
		SharedAssemblyInfo.cs = SharedAssemblyInfo.cs
	EndProjectSection
EndProject
Project("{FAE04EC0-301F-11D3-BF4B-00C04F79EFBC}") = "NuvoControl.Server.Dal.UnitTest", "Server\NuvoControl.Server.Dal.UnitTest\NuvoControl.Server.Dal.UnitTest.csproj", "{2EF8B0A0-862C-40FC-B2A1-EB5DF1397E08}"
EndProject
Project("{FAE04EC0-301F-11D3-BF4B-00C04F79EFBC}") = "NuvoControl.Server.Dal", "Server\NuvoControl.Server.Dal\NuvoControl.Server.Dal.csproj", "{295025FA-7870-4A53-996F-2CDCE2AFBAFF}"
EndProject
Project("{FAE04EC0-301F-11D3-BF4B-00C04F79EFBC}") = "NuvoControl.Test.NuvoClient", "Test\NuvoControl.Test.NuvoClient\NuvoControl.Test.NuvoClient.csproj", "{44C817E7-C9E5-4B07-9369-95BE0D0CE82B}"
EndProject
Project("{FAE04EC0-301F-11D3-BF4B-00C04F79EFBC}") = "NuvoControl.Server.Simulator", "Server\NuvoControl.Server.Simulator\NuvoControl.Server.Simulator.csproj", "{E28FAAE1-87BE-4C98-AD54-E867E6D88DD0}"
EndProject
Project("{2150E333-8FDC-42A3-9474-1A3956D46DE8}") = "Config", "Config", "{482B5795-E159-4968-9BB4-85E8CAC6E0C2}"
	ProjectSection(SolutionItems) = preProject
		Config\NuvoControlKonfiguration.xml = Config\NuvoControlKonfiguration.xml
		Config\NuvoControlKonfigurationInvalidSourceIdInAlarmFunction.xml = Config\NuvoControlKonfigurationInvalidSourceIdInAlarmFunction.xml
		Config\NuvoControlKonfigurationInvalidSourceIdInGraphic.xml = Config\NuvoControlKonfigurationInvalidSourceIdInGraphic.xml
		Config\NuvoControlKonfigurationInvalidZoneIdInGraphic.xml = Config\NuvoControlKonfigurationInvalidZoneIdInGraphic.xml
		Config\NuvoControlKonfigurationInvalidZoneIdInSleepFunction.xml = Config\NuvoControlKonfigurationInvalidZoneIdInSleepFunction.xml
		Config\NuvoControlKonfigurationNotDistinctSources.xml = Config\NuvoControlKonfigurationNotDistinctSources.xml
		Config\NuvoControlKonfigurationNotDistinctZones.xml = Config\NuvoControlKonfigurationNotDistinctZones.xml
		Config\NuvoControlKonfigurationNotWellFormed.xml = Config\NuvoControlKonfigurationNotWellFormed.xml
	EndProjectSection
EndProject
Project("{2150E333-8FDC-42A3-9474-1A3956D46DE8}") = "ClassDiagrams", "ClassDiagrams", "{3B6640D6-D2CA-4048-B143-4DA380D5C590}"
	ProjectSection(SolutionItems) = preProject
		ClassDiagrams\ProtocolDriverInterfaceOverview.jpg = ClassDiagrams\ProtocolDriverInterfaceOverview.jpg
		ClassDiagrams\ProtocolDriverOverview.jpg = ClassDiagrams\ProtocolDriverOverview.jpg
		ClassDiagrams\READ-ME ClassDiagrams.txt = ClassDiagrams\READ-ME ClassDiagrams.txt
	EndProjectSection
EndProject
Project("{FAE04EC0-301F-11D3-BF4B-00C04F79EFBC}") = "NuvoControl.Server.ZoneServer", "Server\NuvoControl.Server.ZoneServer\NuvoControl.Server.ZoneServer.csproj", "{A4C12624-2950-45AC-9A17-B83AD9427331}"
EndProject
Project("{FAE04EC0-301F-11D3-BF4B-00C04F79EFBC}") = "NuvoControl.Server.ConfigurationService", "Server\NuvoControl.Server.ConfigurationService\NuvoControl.Server.ConfigurationService.csproj", "{D44A08E5-4C37-4DD6-BBEE-25D0D9F10FA1}"
EndProject
Project("{FAE04EC0-301F-11D3-BF4B-00C04F79EFBC}") = "NuvoControl.Server.WcfHostConsole", "Server\NuvoControl.Server.WcfHostConsole\NuvoControl.Server.WcfHostConsole.csproj", "{58DCB860-91E2-4A66-8459-1FBE41C64FCC}"
EndProject
Project("{FAE04EC0-301F-11D3-BF4B-00C04F79EFBC}") = "NuvoControl.Server.ConfigurationService.UnitTest", "Server\NuvoControl.Server.ConfigurationService.UnitTest\NuvoControl.Server.ConfigurationService.UnitTest.csproj", "{05289193-1724-4430-9EED-CD1E2D819F4D}"
EndProject
Project("{FAE04EC0-301F-11D3-BF4B-00C04F79EFBC}") = "NuvoControl.Server.MonitorAndControlService.UnitTest", "Server\NuvoControl.Server.MonitorAndControlService.UnitTest\NuvoControl.Server.MonitorAndControlService.UnitTest.csproj", "{383C3809-5A27-4125-BA55-1B53428CE1D1}"
EndProject
Project("{FAE04EC0-301F-11D3-BF4B-00C04F79EFBC}") = "NuvoControl.Server.MonitorAndControlService", "Server\NuvoControl.Server.MonitorAndControlService\NuvoControl.Server.MonitorAndControlService.csproj", "{96A210B6-CCD8-451A-898F-BE40D09BAA49}"
EndProject
Project("{FAE04EC0-301F-11D3-BF4B-00C04F79EFBC}") = "NuvoControl.Client.WcfTestConsole", "Client\NuvoControl.Client.WcfTestConsole\NuvoControl.Client.WcfTestConsole.csproj", "{09F03602-94BB-4424-B410-77282BA5174D}"
EndProject
Project("{FAE04EC0-301F-11D3-BF4B-00C04F79EFBC}") = "NuvoControl.Client.TestViewer", "Client\NuvoControl.Client.TestViewer\NuvoControl.Client.TestViewer.csproj", "{D6D39153-5330-4D71-8E1B-BFD181A394D7}"
EndProject
Project("{FAE04EC0-301F-11D3-BF4B-00C04F79EFBC}") = "NuvoControl.Server.FunctionService", "Server\NuvoControl.Server.FunctionService\NuvoControl.Server.FunctionService.csproj", "{1F25736C-42C9-4AEC-A514-9F4CEF0923EE}"
EndProject
Project("{FAE04EC0-301F-11D3-BF4B-00C04F79EFBC}") = "NuvoControl.UnitTest", "NuvoControl.UnitTest\NuvoControl.UnitTest.csproj", "{58E99B38-5D28-4FC1-A157-8BE5E763ECD6}"
EndProject
Project("{FAE04EC0-301F-11D3-BF4B-00C04F79EFBC}") = "NuvoControl.Client.Viewer", "Client\NuvoControl.Client.Viewer\NuvoControl.Client.Viewer.csproj", "{9AD39785-4760-414B-942C-19A9129023E7}"
EndProject
Project("{FAE04EC0-301F-11D3-BF4B-00C04F79EFBC}") = "NuvoControl.Client.ServiceAccess", "Client\NuvoControl.Client.ServiceAccess\NuvoControl.Client.ServiceAccess.csproj", "{A98EC60A-AD98-4D73-8B4F-BB6496120E06}"
EndProject
Project("{FAE04EC0-301F-11D3-BF4B-00C04F79EFBC}") = "NuvoControl.Client.ServiceMock", "Client\NuvoControl.Client.ServiceMock\NuvoControl.Client.ServiceMock.csproj", "{3BE5E7EF-2946-4989-96A3-D70B3338236E}"
EndProject
Project("{54435603-DBB4-11D2-8724-00A0C9A8B90C}") = "NuvoControlSetup", "NuvoControlSetup\NuvoControlSetup.vdproj", "{C8685BE1-3312-4D21-8342-365FE40E9AE9}"
EndProject
Project("{2150E333-8FDC-42A3-9474-1A3956D46DE8}") = "Client", "Client", "{01BFE656-F730-4DD7-A073-1758BAB21E63}"
EndProject
Project("{2150E333-8FDC-42A3-9474-1A3956D46DE8}") = "Common", "Common", "{C4D004E8-15CA-4E89-B0CE-88F9290FE23E}"
EndProject
Project("{2150E333-8FDC-42A3-9474-1A3956D46DE8}") = "Setup", "Setup", "{F4E0293A-B740-4A88-96EE-4E17B3B142BB}"
EndProject
Project("{2150E333-8FDC-42A3-9474-1A3956D46DE8}") = "Test", "Test", "{CBD6573E-F187-4603-AF71-2D277BAA4042}"
EndProject
Project("{2150E333-8FDC-42A3-9474-1A3956D46DE8}") = "Server", "Server", "{9D46B0CC-8007-469D-BE8A-7C14EE109FA6}"
EndProject
Project("{FAE04EC0-301F-11D3-BF4B-00C04F79EFBC}") = "NuvoControl.Server.FunctionServer", "Server\NuvoControl.Server.FunctionServer\NuvoControl.Server.FunctionServer.csproj", "{2350F54C-FB02-4FA6-93AE-A2FF68A27EB8}"
EndProject
Project("{2150E333-8FDC-42A3-9474-1A3956D46DE8}") = "ProtocolDriver", "ProtocolDriver", "{2070EE5E-856D-4DA6-A1A5-B47D136C758E}"
EndProject
Project("{2150E333-8FDC-42A3-9474-1A3956D46DE8}") = "Simulator", "Simulator", "{2FFFAF91-470F-4EEB-91E0-1FBA94B1A46D}"
EndProject
Project("{FAE04EC0-301F-11D3-BF4B-00C04F79EFBC}") = "NuvoControl.Server.FunctionServer.UnitTest", "Server\NuvoControl.Server.FunctionServer.UnitTest\NuvoControl.Server.FunctionServer.UnitTest.csproj", "{CE54087A-C5AC-42C7-8FE8-A18A4FDEB50E}"
EndProject
Project("{FAE04EC0-301F-11D3-BF4B-00C04F79EFBC}") = "NuvoControl.Test.ServiceClient", "Test\NuvoControl.Test.ServiceClient\NuvoControl.Test.ServiceClient.csproj", "{7233C3A8-7906-4622-A878-75EDC7E084A7}"
EndProject
Global
	GlobalSection(SubversionScc) = preSolution
		Svn-Managed = True
		Manager = AnkhSVN - Subversion Support for Visual Studio
	EndGlobalSection
	GlobalSection(TestCaseManagementSettings) = postSolution
		CategoryFile = NuvoControl9.vsmdi
	EndGlobalSection
	GlobalSection(SolutionConfigurationPlatforms) = preSolution
		Debug|Any CPU = Debug|Any CPU
		Release|Any CPU = Release|Any CPU
	EndGlobalSection
	GlobalSection(ProjectConfigurationPlatforms) = postSolution
		{2C8F1A31-ADF8-4BF1-BCA7-032007ED6C61}.Debug|Any CPU.ActiveCfg = Debug|Any CPU
		{2C8F1A31-ADF8-4BF1-BCA7-032007ED6C61}.Debug|Any CPU.Build.0 = Debug|Any CPU
		{2C8F1A31-ADF8-4BF1-BCA7-032007ED6C61}.Release|Any CPU.ActiveCfg = Release|Any CPU
		{2C8F1A31-ADF8-4BF1-BCA7-032007ED6C61}.Release|Any CPU.Build.0 = Release|Any CPU
		{295804DA-0A18-4B2D-A9EE-4B1813A408BC}.Debug|Any CPU.ActiveCfg = Debug|Any CPU
		{295804DA-0A18-4B2D-A9EE-4B1813A408BC}.Debug|Any CPU.Build.0 = Debug|Any CPU
		{295804DA-0A18-4B2D-A9EE-4B1813A408BC}.Release|Any CPU.ActiveCfg = Release|Any CPU
		{295804DA-0A18-4B2D-A9EE-4B1813A408BC}.Release|Any CPU.Build.0 = Release|Any CPU
		{C5C321D7-92B9-4A5B-A278-F89FF09664B2}.Debug|Any CPU.ActiveCfg = Debug|Any CPU
		{C5C321D7-92B9-4A5B-A278-F89FF09664B2}.Debug|Any CPU.Build.0 = Debug|Any CPU
		{C5C321D7-92B9-4A5B-A278-F89FF09664B2}.Release|Any CPU.ActiveCfg = Release|Any CPU
		{C5C321D7-92B9-4A5B-A278-F89FF09664B2}.Release|Any CPU.Build.0 = Release|Any CPU
		{65167131-3AD1-4032-8777-5F5F6D3DAE72}.Debug|Any CPU.ActiveCfg = Debug|Any CPU
		{65167131-3AD1-4032-8777-5F5F6D3DAE72}.Debug|Any CPU.Build.0 = Debug|Any CPU
		{65167131-3AD1-4032-8777-5F5F6D3DAE72}.Release|Any CPU.ActiveCfg = Release|Any CPU
		{65167131-3AD1-4032-8777-5F5F6D3DAE72}.Release|Any CPU.Build.0 = Release|Any CPU
		{1BAAB9D4-EBFE-4648-870C-BE17FE90EB9F}.Debug|Any CPU.ActiveCfg = Debug|Any CPU
		{1BAAB9D4-EBFE-4648-870C-BE17FE90EB9F}.Debug|Any CPU.Build.0 = Debug|Any CPU
		{1BAAB9D4-EBFE-4648-870C-BE17FE90EB9F}.Release|Any CPU.ActiveCfg = Release|Any CPU
		{1BAAB9D4-EBFE-4648-870C-BE17FE90EB9F}.Release|Any CPU.Build.0 = Release|Any CPU
		{817F6C4B-65C6-4A90-966E-F76FD8AC4202}.Debug|Any CPU.ActiveCfg = Debug|Any CPU
		{817F6C4B-65C6-4A90-966E-F76FD8AC4202}.Debug|Any CPU.Build.0 = Debug|Any CPU
		{817F6C4B-65C6-4A90-966E-F76FD8AC4202}.Release|Any CPU.ActiveCfg = Release|Any CPU
		{817F6C4B-65C6-4A90-966E-F76FD8AC4202}.Release|Any CPU.Build.0 = Release|Any CPU
		{4C8A5D1E-9D3B-4B51-96FF-2AB498A026D9}.Debug|Any CPU.ActiveCfg = Debug|Any CPU
		{4C8A5D1E-9D3B-4B51-96FF-2AB498A026D9}.Debug|Any CPU.Build.0 = Debug|Any CPU
		{4C8A5D1E-9D3B-4B51-96FF-2AB498A026D9}.Release|Any CPU.ActiveCfg = Release|Any CPU
		{4C8A5D1E-9D3B-4B51-96FF-2AB498A026D9}.Release|Any CPU.Build.0 = Release|Any CPU
		{2EF8B0A0-862C-40FC-B2A1-EB5DF1397E08}.Debug|Any CPU.ActiveCfg = Debug|Any CPU
		{2EF8B0A0-862C-40FC-B2A1-EB5DF1397E08}.Debug|Any CPU.Build.0 = Debug|Any CPU
		{2EF8B0A0-862C-40FC-B2A1-EB5DF1397E08}.Release|Any CPU.ActiveCfg = Release|Any CPU
		{2EF8B0A0-862C-40FC-B2A1-EB5DF1397E08}.Release|Any CPU.Build.0 = Release|Any CPU
		{295025FA-7870-4A53-996F-2CDCE2AFBAFF}.Debug|Any CPU.ActiveCfg = Debug|Any CPU
		{295025FA-7870-4A53-996F-2CDCE2AFBAFF}.Debug|Any CPU.Build.0 = Debug|Any CPU
		{295025FA-7870-4A53-996F-2CDCE2AFBAFF}.Release|Any CPU.ActiveCfg = Release|Any CPU
		{295025FA-7870-4A53-996F-2CDCE2AFBAFF}.Release|Any CPU.Build.0 = Release|Any CPU
		{44C817E7-C9E5-4B07-9369-95BE0D0CE82B}.Debug|Any CPU.ActiveCfg = Debug|Any CPU
		{44C817E7-C9E5-4B07-9369-95BE0D0CE82B}.Debug|Any CPU.Build.0 = Debug|Any CPU
		{44C817E7-C9E5-4B07-9369-95BE0D0CE82B}.Release|Any CPU.ActiveCfg = Release|Any CPU
		{44C817E7-C9E5-4B07-9369-95BE0D0CE82B}.Release|Any CPU.Build.0 = Release|Any CPU
		{E28FAAE1-87BE-4C98-AD54-E867E6D88DD0}.Debug|Any CPU.ActiveCfg = Debug|Any CPU
		{E28FAAE1-87BE-4C98-AD54-E867E6D88DD0}.Debug|Any CPU.Build.0 = Debug|Any CPU
		{E28FAAE1-87BE-4C98-AD54-E867E6D88DD0}.Release|Any CPU.ActiveCfg = Release|Any CPU
		{E28FAAE1-87BE-4C98-AD54-E867E6D88DD0}.Release|Any CPU.Build.0 = Release|Any CPU
		{A4C12624-2950-45AC-9A17-B83AD9427331}.Debug|Any CPU.ActiveCfg = Debug|Any CPU
		{A4C12624-2950-45AC-9A17-B83AD9427331}.Debug|Any CPU.Build.0 = Debug|Any CPU
		{A4C12624-2950-45AC-9A17-B83AD9427331}.Release|Any CPU.ActiveCfg = Release|Any CPU
		{A4C12624-2950-45AC-9A17-B83AD9427331}.Release|Any CPU.Build.0 = Release|Any CPU
		{D44A08E5-4C37-4DD6-BBEE-25D0D9F10FA1}.Debug|Any CPU.ActiveCfg = Debug|Any CPU
		{D44A08E5-4C37-4DD6-BBEE-25D0D9F10FA1}.Debug|Any CPU.Build.0 = Debug|Any CPU
		{D44A08E5-4C37-4DD6-BBEE-25D0D9F10FA1}.Release|Any CPU.ActiveCfg = Release|Any CPU
		{D44A08E5-4C37-4DD6-BBEE-25D0D9F10FA1}.Release|Any CPU.Build.0 = Release|Any CPU
		{58DCB860-91E2-4A66-8459-1FBE41C64FCC}.Debug|Any CPU.ActiveCfg = Debug|Any CPU
		{58DCB860-91E2-4A66-8459-1FBE41C64FCC}.Debug|Any CPU.Build.0 = Debug|Any CPU
		{58DCB860-91E2-4A66-8459-1FBE41C64FCC}.Release|Any CPU.ActiveCfg = Release|Any CPU
		{58DCB860-91E2-4A66-8459-1FBE41C64FCC}.Release|Any CPU.Build.0 = Release|Any CPU
		{05289193-1724-4430-9EED-CD1E2D819F4D}.Debug|Any CPU.ActiveCfg = Debug|Any CPU
		{05289193-1724-4430-9EED-CD1E2D819F4D}.Debug|Any CPU.Build.0 = Debug|Any CPU
		{05289193-1724-4430-9EED-CD1E2D819F4D}.Release|Any CPU.ActiveCfg = Release|Any CPU
		{05289193-1724-4430-9EED-CD1E2D819F4D}.Release|Any CPU.Build.0 = Release|Any CPU
		{383C3809-5A27-4125-BA55-1B53428CE1D1}.Debug|Any CPU.ActiveCfg = Debug|Any CPU
		{383C3809-5A27-4125-BA55-1B53428CE1D1}.Debug|Any CPU.Build.0 = Debug|Any CPU
		{383C3809-5A27-4125-BA55-1B53428CE1D1}.Release|Any CPU.ActiveCfg = Release|Any CPU
		{383C3809-5A27-4125-BA55-1B53428CE1D1}.Release|Any CPU.Build.0 = Release|Any CPU
		{96A210B6-CCD8-451A-898F-BE40D09BAA49}.Debug|Any CPU.ActiveCfg = Debug|Any CPU
		{96A210B6-CCD8-451A-898F-BE40D09BAA49}.Debug|Any CPU.Build.0 = Debug|Any CPU
		{96A210B6-CCD8-451A-898F-BE40D09BAA49}.Release|Any CPU.ActiveCfg = Release|Any CPU
		{96A210B6-CCD8-451A-898F-BE40D09BAA49}.Release|Any CPU.Build.0 = Release|Any CPU
		{09F03602-94BB-4424-B410-77282BA5174D}.Debug|Any CPU.ActiveCfg = Debug|Any CPU
		{09F03602-94BB-4424-B410-77282BA5174D}.Debug|Any CPU.Build.0 = Debug|Any CPU
		{09F03602-94BB-4424-B410-77282BA5174D}.Release|Any CPU.ActiveCfg = Release|Any CPU
		{09F03602-94BB-4424-B410-77282BA5174D}.Release|Any CPU.Build.0 = Release|Any CPU
		{D6D39153-5330-4D71-8E1B-BFD181A394D7}.Debug|Any CPU.ActiveCfg = Debug|Any CPU
		{D6D39153-5330-4D71-8E1B-BFD181A394D7}.Debug|Any CPU.Build.0 = Debug|Any CPU
		{D6D39153-5330-4D71-8E1B-BFD181A394D7}.Release|Any CPU.ActiveCfg = Release|Any CPU
		{D6D39153-5330-4D71-8E1B-BFD181A394D7}.Release|Any CPU.Build.0 = Release|Any CPU
		{1F25736C-42C9-4AEC-A514-9F4CEF0923EE}.Debug|Any CPU.ActiveCfg = Debug|Any CPU
		{1F25736C-42C9-4AEC-A514-9F4CEF0923EE}.Debug|Any CPU.Build.0 = Debug|Any CPU
		{1F25736C-42C9-4AEC-A514-9F4CEF0923EE}.Release|Any CPU.ActiveCfg = Release|Any CPU
		{1F25736C-42C9-4AEC-A514-9F4CEF0923EE}.Release|Any CPU.Build.0 = Release|Any CPU
		{58E99B38-5D28-4FC1-A157-8BE5E763ECD6}.Debug|Any CPU.ActiveCfg = Debug|Any CPU
		{58E99B38-5D28-4FC1-A157-8BE5E763ECD6}.Debug|Any CPU.Build.0 = Debug|Any CPU
		{58E99B38-5D28-4FC1-A157-8BE5E763ECD6}.Release|Any CPU.ActiveCfg = Release|Any CPU
		{58E99B38-5D28-4FC1-A157-8BE5E763ECD6}.Release|Any CPU.Build.0 = Release|Any CPU
		{9AD39785-4760-414B-942C-19A9129023E7}.Debug|Any CPU.ActiveCfg = Debug|Any CPU
		{9AD39785-4760-414B-942C-19A9129023E7}.Debug|Any CPU.Build.0 = Debug|Any CPU
		{9AD39785-4760-414B-942C-19A9129023E7}.Release|Any CPU.ActiveCfg = Release|Any CPU
		{9AD39785-4760-414B-942C-19A9129023E7}.Release|Any CPU.Build.0 = Release|Any CPU
		{A98EC60A-AD98-4D73-8B4F-BB6496120E06}.Debug|Any CPU.ActiveCfg = Debug|Any CPU
		{A98EC60A-AD98-4D73-8B4F-BB6496120E06}.Debug|Any CPU.Build.0 = Debug|Any CPU
		{A98EC60A-AD98-4D73-8B4F-BB6496120E06}.Release|Any CPU.ActiveCfg = Release|Any CPU
		{A98EC60A-AD98-4D73-8B4F-BB6496120E06}.Release|Any CPU.Build.0 = Release|Any CPU
		{3BE5E7EF-2946-4989-96A3-D70B3338236E}.Debug|Any CPU.ActiveCfg = Debug|Any CPU
		{3BE5E7EF-2946-4989-96A3-D70B3338236E}.Debug|Any CPU.Build.0 = Debug|Any CPU
		{3BE5E7EF-2946-4989-96A3-D70B3338236E}.Release|Any CPU.ActiveCfg = Release|Any CPU
		{3BE5E7EF-2946-4989-96A3-D70B3338236E}.Release|Any CPU.Build.0 = Release|Any CPU
		{C8685BE1-3312-4D21-8342-365FE40E9AE9}.Debug|Any CPU.ActiveCfg = Debug
		{C8685BE1-3312-4D21-8342-365FE40E9AE9}.Debug|Any CPU.Build.0 = Debug
		{C8685BE1-3312-4D21-8342-365FE40E9AE9}.Release|Any CPU.ActiveCfg = Release
		{C8685BE1-3312-4D21-8342-365FE40E9AE9}.Release|Any CPU.Build.0 = Release
		{2350F54C-FB02-4FA6-93AE-A2FF68A27EB8}.Debug|Any CPU.ActiveCfg = Debug|Any CPU
		{2350F54C-FB02-4FA6-93AE-A2FF68A27EB8}.Debug|Any CPU.Build.0 = Debug|Any CPU
		{2350F54C-FB02-4FA6-93AE-A2FF68A27EB8}.Release|Any CPU.ActiveCfg = Release|Any CPU
		{2350F54C-FB02-4FA6-93AE-A2FF68A27EB8}.Release|Any CPU.Build.0 = Release|Any CPU
		{CE54087A-C5AC-42C7-8FE8-A18A4FDEB50E}.Debug|Any CPU.ActiveCfg = Debug|Any CPU
		{CE54087A-C5AC-42C7-8FE8-A18A4FDEB50E}.Debug|Any CPU.Build.0 = Debug|Any CPU
		{CE54087A-C5AC-42C7-8FE8-A18A4FDEB50E}.Release|Any CPU.ActiveCfg = Release|Any CPU
		{CE54087A-C5AC-42C7-8FE8-A18A4FDEB50E}.Release|Any CPU.Build.0 = Release|Any CPU
		{7233C3A8-7906-4622-A878-75EDC7E084A7}.Debug|Any CPU.ActiveCfg = Debug|Any CPU
		{7233C3A8-7906-4622-A878-75EDC7E084A7}.Debug|Any CPU.Build.0 = Debug|Any CPU
		{7233C3A8-7906-4622-A878-75EDC7E084A7}.Release|Any CPU.ActiveCfg = Release|Any CPU
		{7233C3A8-7906-4622-A878-75EDC7E084A7}.Release|Any CPU.Build.0 = Release|Any CPU
	EndGlobalSection
	GlobalSection(SolutionProperties) = preSolution
		HideSolutionNode = FALSE
	EndGlobalSection
	GlobalSection(NestedProjects) = preSolution
		{2C8F1A31-ADF8-4BF1-BCA7-032007ED6C61} = {C4D004E8-15CA-4E89-B0CE-88F9290FE23E}
		{2070EE5E-856D-4DA6-A1A5-B47D136C758E} = {9D46B0CC-8007-469D-BE8A-7C14EE109FA6}
		{2EF8B0A0-862C-40FC-B2A1-EB5DF1397E08} = {9D46B0CC-8007-469D-BE8A-7C14EE109FA6}
		{295025FA-7870-4A53-996F-2CDCE2AFBAFF} = {9D46B0CC-8007-469D-BE8A-7C14EE109FA6}
		{2FFFAF91-470F-4EEB-91E0-1FBA94B1A46D} = {9D46B0CC-8007-469D-BE8A-7C14EE109FA6}
		{A4C12624-2950-45AC-9A17-B83AD9427331} = {9D46B0CC-8007-469D-BE8A-7C14EE109FA6}
		{D44A08E5-4C37-4DD6-BBEE-25D0D9F10FA1} = {9D46B0CC-8007-469D-BE8A-7C14EE109FA6}
		{58DCB860-91E2-4A66-8459-1FBE41C64FCC} = {9D46B0CC-8007-469D-BE8A-7C14EE109FA6}
		{05289193-1724-4430-9EED-CD1E2D819F4D} = {9D46B0CC-8007-469D-BE8A-7C14EE109FA6}
		{383C3809-5A27-4125-BA55-1B53428CE1D1} = {9D46B0CC-8007-469D-BE8A-7C14EE109FA6}
		{96A210B6-CCD8-451A-898F-BE40D09BAA49} = {9D46B0CC-8007-469D-BE8A-7C14EE109FA6}
		{1F25736C-42C9-4AEC-A514-9F4CEF0923EE} = {9D46B0CC-8007-469D-BE8A-7C14EE109FA6}
		{295804DA-0A18-4B2D-A9EE-4B1813A408BC} = {9D46B0CC-8007-469D-BE8A-7C14EE109FA6}
		{2350F54C-FB02-4FA6-93AE-A2FF68A27EB8} = {9D46B0CC-8007-469D-BE8A-7C14EE109FA6}
		{CE54087A-C5AC-42C7-8FE8-A18A4FDEB50E} = {9D46B0CC-8007-469D-BE8A-7C14EE109FA6}
		{817F6C4B-65C6-4A90-966E-F76FD8AC4202} = {2070EE5E-856D-4DA6-A1A5-B47D136C758E}
		{4C8A5D1E-9D3B-4B51-96FF-2AB498A026D9} = {2070EE5E-856D-4DA6-A1A5-B47D136C758E}
		{C5C321D7-92B9-4A5B-A278-F89FF09664B2} = {2070EE5E-856D-4DA6-A1A5-B47D136C758E}
		{1BAAB9D4-EBFE-4648-870C-BE17FE90EB9F} = {CBD6573E-F187-4603-AF71-2D277BAA4042}
		{44C817E7-C9E5-4B07-9369-95BE0D0CE82B} = {CBD6573E-F187-4603-AF71-2D277BAA4042}
		{58E99B38-5D28-4FC1-A157-8BE5E763ECD6} = {CBD6573E-F187-4603-AF71-2D277BAA4042}
		{65167131-3AD1-4032-8777-5F5F6D3DAE72} = {CBD6573E-F187-4603-AF71-2D277BAA4042}
		{7233C3A8-7906-4622-A878-75EDC7E084A7} = {CBD6573E-F187-4603-AF71-2D277BAA4042}
		{482B5795-E159-4968-9BB4-85E8CAC6E0C2} = {4D3BB3D4-A8C6-4145-88F3-355FF74233CA}
		{3B6640D6-D2CA-4048-B143-4DA380D5C590} = {4D3BB3D4-A8C6-4145-88F3-355FF74233CA}
		{E28FAAE1-87BE-4C98-AD54-E867E6D88DD0} = {2FFFAF91-470F-4EEB-91E0-1FBA94B1A46D}
		{D6D39153-5330-4D71-8E1B-BFD181A394D7} = {01BFE656-F730-4DD7-A073-1758BAB21E63}
		{9AD39785-4760-414B-942C-19A9129023E7} = {01BFE656-F730-4DD7-A073-1758BAB21E63}
		{A98EC60A-AD98-4D73-8B4F-BB6496120E06} = {01BFE656-F730-4DD7-A073-1758BAB21E63}
		{3BE5E7EF-2946-4989-96A3-D70B3338236E} = {01BFE656-F730-4DD7-A073-1758BAB21E63}
		{09F03602-94BB-4424-B410-77282BA5174D} = {01BFE656-F730-4DD7-A073-1758BAB21E63}
		{C8685BE1-3312-4D21-8342-365FE40E9AE9} = {F4E0293A-B740-4A88-96EE-4E17B3B142BB}
	EndGlobalSection
EndGlobal
