
Microsoft Visual Studio Solution File, Format Version 10.00
# Visual Studio 2008
Project("{FAE04EC0-301F-11D3-BF4B-00C04F79EFBC}") = "NuvoControl.Common", "Common\NuvoControl.Common\NuvoControl.Common.csproj", "{2C8F1A31-ADF8-4BF1-BCA7-032007ED6C61}"
EndProject
Project("{2150E333-8FDC-42A3-9474-1A3956D46DE8}") = "Solution Items", "Solution Items", "{4D3BB3D4-A8C6-4145-88F3-355FF74233CA}"
	ProjectSection(SolutionItems) = preProject
		LocalTestRun.testrunconfig = LocalTestRun.testrunconfig
		NuvoControl1.vsmdi = NuvoControl1.vsmdi
		NuvoControl3.vsmdi = NuvoControl3.vsmdi
		NuvoControl4.vsmdi = NuvoControl4.vsmdi
		NuvoControl5.vsmdi = NuvoControl5.vsmdi
		READ-ME.txt = READ-ME.txt
	EndProjectSection
EndProject
Project("{FAE04EC0-301F-11D3-BF4B-00C04F79EFBC}") = "NuvoControl.Client.WcfTestConsole", "Client\NuvoControl.Client.WcfTestConsole\NuvoControl.Client.WcfTestConsole.csproj", "{09F03602-94BB-4424-B410-77282BA5174D}"
EndProject
Project("{FAE04EC0-301F-11D3-BF4B-00C04F79EFBC}") = "NuvoControl.Client.TestViewer", "Client\NuvoControl.Client.TestViewer\NuvoControl.Client.TestViewer.csproj", "{D6D39153-5330-4D71-8E1B-BFD181A394D7}"
EndProject
Global
	GlobalSection(SolutionConfigurationPlatforms) = preSolution
		Debug|Any CPU = Debug|Any CPU
		Release|Any CPU = Release|Any CPU
	EndGlobalSection
	GlobalSection(ProjectConfigurationPlatforms) = postSolution
		{2C8F1A31-ADF8-4BF1-BCA7-032007ED6C61}.Debug|Any CPU.ActiveCfg = Debug|Any CPU
		{2C8F1A31-ADF8-4BF1-BCA7-032007ED6C61}.Debug|Any CPU.Build.0 = Debug|Any CPU
		{2C8F1A31-ADF8-4BF1-BCA7-032007ED6C61}.Release|Any CPU.ActiveCfg = Release|Any CPU
		{2C8F1A31-ADF8-4BF1-BCA7-032007ED6C61}.Release|Any CPU.Build.0 = Release|Any CPU
		{09F03602-94BB-4424-B410-77282BA5174D}.Debug|Any CPU.ActiveCfg = Debug|Any CPU
		{09F03602-94BB-4424-B410-77282BA5174D}.Debug|Any CPU.Build.0 = Debug|Any CPU
		{09F03602-94BB-4424-B410-77282BA5174D}.Release|Any CPU.ActiveCfg = Release|Any CPU
		{09F03602-94BB-4424-B410-77282BA5174D}.Release|Any CPU.Build.0 = Release|Any CPU
		{D6D39153-5330-4D71-8E1B-BFD181A394D7}.Debug|Any CPU.ActiveCfg = Debug|Any CPU
		{D6D39153-5330-4D71-8E1B-BFD181A394D7}.Debug|Any CPU.Build.0 = Debug|Any CPU
		{D6D39153-5330-4D71-8E1B-BFD181A394D7}.Release|Any CPU.ActiveCfg = Release|Any CPU
		{D6D39153-5330-4D71-8E1B-BFD181A394D7}.Release|Any CPU.Build.0 = Release|Any CPU
	EndGlobalSection
	GlobalSection(SolutionProperties) = preSolution
		HideSolutionNode = FALSE
	EndGlobalSection
	GlobalSection(SubversionScc) = preSolution
		Svn-Managed = True
		Manager = AnkhSVN - Subversion Support for Visual Studio
	EndGlobalSection
EndGlobal
