
Microsoft Visual Studio Solution File, Format Version 10.00
# Visual Studio 2008
Project("{FAE04EC0-301F-11D3-BF4B-00C04F79EFBC}") = "NuvoControl.Test", "NuvoControl.Test\NuvoControl.Test.csproj", "{FC6A2772-4CB1-4ED1-85DF-56EF5BA133C1}"
EndProject
Project("{2150E333-8FDC-42A3-9474-1A3956D46DE8}") = "Solution Items", "Solution Items", "{B479CB51-18D4-4D75-9673-CFCD3B6AA290}"
	ProjectSection(SolutionItems) = preProject
		LocalTestRun.testrunconfig = LocalTestRun.testrunconfig
		NuvoControl.Test.vsmdi = NuvoControl.Test.vsmdi
	EndProjectSection
EndProject
Global
	GlobalSection(TestCaseManagementSettings) = postSolution
		CategoryFile = NuvoControl.Test.vsmdi
	EndGlobalSection
	GlobalSection(SolutionConfigurationPlatforms) = preSolution
		Debug|Any CPU = Debug|Any CPU
		Release|Any CPU = Release|Any CPU
	EndGlobalSection
	GlobalSection(ProjectConfigurationPlatforms) = postSolution
		{FC6A2772-4CB1-4ED1-85DF-56EF5BA133C1}.Debug|Any CPU.ActiveCfg = Debug|Any CPU
		{FC6A2772-4CB1-4ED1-85DF-56EF5BA133C1}.Debug|Any CPU.Build.0 = Debug|Any CPU
		{FC6A2772-4CB1-4ED1-85DF-56EF5BA133C1}.Release|Any CPU.ActiveCfg = Release|Any CPU
		{FC6A2772-4CB1-4ED1-85DF-56EF5BA133C1}.Release|Any CPU.Build.0 = Release|Any CPU
	EndGlobalSection
	GlobalSection(SolutionProperties) = preSolution
		HideSolutionNode = FALSE
	EndGlobalSection
EndGlobal
