
Microsoft Visual Studio Solution File, Format Version 10.00
# Visual Studio 2008
Project("{FAE04EC0-301F-11D3-BF4B-00C04F79EFBC}") = "NuvoControl.Server.CommunicationDriver", "NuvoControl.Server.CommunicationDriver.csproj", "{295804DA-0A18-4B2D-A9EE-4B1813A408BC}"
EndProject
Global
	GlobalSection(SolutionConfigurationPlatforms) = preSolution
		Debug|Any CPU = Debug|Any CPU
		Release|Any CPU = Release|Any CPU
	EndGlobalSection
	GlobalSection(ProjectConfigurationPlatforms) = postSolution
		{295804DA-0A18-4B2D-A9EE-4B1813A408BC}.Debug|Any CPU.ActiveCfg = Debug|Any CPU
		{295804DA-0A18-4B2D-A9EE-4B1813A408BC}.Debug|Any CPU.Build.0 = Debug|Any CPU
		{295804DA-0A18-4B2D-A9EE-4B1813A408BC}.Release|Any CPU.ActiveCfg = Release|Any CPU
		{295804DA-0A18-4B2D-A9EE-4B1813A408BC}.Release|Any CPU.Build.0 = Release|Any CPU
	EndGlobalSection
	GlobalSection(SolutionProperties) = preSolution
		HideSolutionNode = FALSE
	EndGlobalSection
EndGlobal
