
Microsoft Visual Studio Solution File, Format Version 10.00
# Visual Studio 2008
Project("{FAE04EC0-301F-11D3-BF4B-00C04F79EFBC}") = "NuvoControl.Common", "Common\NuvoControl.Common\NuvoControl.Common.csproj", "{2C8F1A31-ADF8-4BF1-BCA7-032007ED6C61}"
EndProject
Project("{FAE04EC0-301F-11D3-BF4B-00C04F79EFBC}") = "NuvoControl.Common.Interfaces", "Common\NuvoControl.Common.Interfaces\NuvoControl.Common.Interfaces.csproj", "{EDE66754-2D50-4E5D-BCE3-B825414AE4DC}"
EndProject
Project("{FAE04EC0-301F-11D3-BF4B-00C04F79EFBC}") = "NuvoControl.Server.CommunicationDriver", "Server\NuvoControl.Server.CommunicationDriver\NuvoControl.Server.CommunicationDriver.csproj", "{295804DA-0A18-4B2D-A9EE-4B1813A408BC}"
EndProject
Project("{FAE04EC0-301F-11D3-BF4B-00C04F79EFBC}") = "NuvoControl.Server.ProtocolDriver", "Server\NuvoControl.Server.ProtocolDriver\NuvoControl.Server.ProtocolDriver.csproj", "{C5C321D7-92B9-4A5B-A278-F89FF09664B2}"
EndProject
Project("{FAE04EC0-301F-11D3-BF4B-00C04F79EFBC}") = "NuvoControl.Server.Service", "Server\NuvoControl.Server.Service\NuvoControl.Server.Service.csproj", "{D8A96EBE-A61E-477D-BD1C-4D0F465950FA}"
EndProject
Project("{FAE04EC0-301F-11D3-BF4B-00C04F79EFBC}") = "NuvoControl.Test.COMListener", "Test\NuvoControl.Test.COMListener\NuvoControl.Test.COMListener.csproj", "{65167131-3AD1-4032-8777-5F5F6D3DAE72}"
EndProject
Project("{FAE04EC0-301F-11D3-BF4B-00C04F79EFBC}") = "NuvoControl.Test.RS232", "Test\NuvoControl.Test.RS232\NuvoControl.Test.RS232.csproj", "{1BAAB9D4-EBFE-4648-870C-BE17FE90EB9F}"
EndProject
Project("{FAE04EC0-301F-11D3-BF4B-00C04F79EFBC}") = "NuvoControl.Test", "Test\NuvoControl.Test\NuvoControl.Test\NuvoControl.Test.csproj", "{FC6A2772-4CB1-4ED1-85DF-56EF5BA133C1}"
EndProject
Project("{FAE04EC0-301F-11D3-BF4B-00C04F79EFBC}") = "NuvoControl.Server.Service.UnitTest", "Server\NuvoControl.Server.Service.UnitTest\NuvoControl.Server.Service.UnitTest.csproj", "{05289193-1724-4430-9EED-CD1E2D819F4D}"
EndProject
Project("{2150E333-8FDC-42A3-9474-1A3956D46DE8}") = "Solution Items", "Solution Items", "{6E60332C-3B5B-4620-B21B-30CF1213680C}"
	ProjectSection(SolutionItems) = preProject
		LocalTestRun.testrunconfig = LocalTestRun.testrunconfig
		NuvoControl.vsmdi = NuvoControl.vsmdi
	EndProjectSection
EndProject
Global
	GlobalSection(TestCaseManagementSettings) = postSolution
		CategoryFile = NuvoControl.vsmdi
	EndGlobalSection
	GlobalSection(SolutionConfigurationPlatforms) = preSolution
		Debug|Any CPU = Debug|Any CPU
		Release|Any CPU = Release|Any CPU
	EndGlobalSection
	GlobalSection(ProjectConfigurationPlatforms) = postSolution
		{2C8F1A31-ADF8-4BF1-BCA7-032007ED6C61}.Debug|Any CPU.ActiveCfg = Debug|Any CPU
		{2C8F1A31-ADF8-4BF1-BCA7-032007ED6C61}.Debug|Any CPU.Build.0 = Debug|Any CPU
		{2C8F1A31-ADF8-4BF1-BCA7-032007ED6C61}.Release|Any CPU.ActiveCfg = Release|Any CPU
		{2C8F1A31-ADF8-4BF1-BCA7-032007ED6C61}.Release|Any CPU.Build.0 = Release|Any CPU
		{EDE66754-2D50-4E5D-BCE3-B825414AE4DC}.Debug|Any CPU.ActiveCfg = Debug|Any CPU
		{EDE66754-2D50-4E5D-BCE3-B825414AE4DC}.Debug|Any CPU.Build.0 = Debug|Any CPU
		{EDE66754-2D50-4E5D-BCE3-B825414AE4DC}.Release|Any CPU.ActiveCfg = Release|Any CPU
		{EDE66754-2D50-4E5D-BCE3-B825414AE4DC}.Release|Any CPU.Build.0 = Release|Any CPU
		{295804DA-0A18-4B2D-A9EE-4B1813A408BC}.Debug|Any CPU.ActiveCfg = Debug|Any CPU
		{295804DA-0A18-4B2D-A9EE-4B1813A408BC}.Debug|Any CPU.Build.0 = Debug|Any CPU
		{295804DA-0A18-4B2D-A9EE-4B1813A408BC}.Release|Any CPU.ActiveCfg = Release|Any CPU
		{295804DA-0A18-4B2D-A9EE-4B1813A408BC}.Release|Any CPU.Build.0 = Release|Any CPU
		{C5C321D7-92B9-4A5B-A278-F89FF09664B2}.Debug|Any CPU.ActiveCfg = Debug|Any CPU
		{C5C321D7-92B9-4A5B-A278-F89FF09664B2}.Debug|Any CPU.Build.0 = Debug|Any CPU
		{C5C321D7-92B9-4A5B-A278-F89FF09664B2}.Release|Any CPU.ActiveCfg = Release|Any CPU
		{C5C321D7-92B9-4A5B-A278-F89FF09664B2}.Release|Any CPU.Build.0 = Release|Any CPU
		{D8A96EBE-A61E-477D-BD1C-4D0F465950FA}.Debug|Any CPU.ActiveCfg = Debug|Any CPU
		{D8A96EBE-A61E-477D-BD1C-4D0F465950FA}.Debug|Any CPU.Build.0 = Debug|Any CPU
		{D8A96EBE-A61E-477D-BD1C-4D0F465950FA}.Release|Any CPU.ActiveCfg = Release|Any CPU
		{D8A96EBE-A61E-477D-BD1C-4D0F465950FA}.Release|Any CPU.Build.0 = Release|Any CPU
		{65167131-3AD1-4032-8777-5F5F6D3DAE72}.Debug|Any CPU.ActiveCfg = Debug|Any CPU
		{65167131-3AD1-4032-8777-5F5F6D3DAE72}.Debug|Any CPU.Build.0 = Debug|Any CPU
		{65167131-3AD1-4032-8777-5F5F6D3DAE72}.Release|Any CPU.ActiveCfg = Release|Any CPU
		{65167131-3AD1-4032-8777-5F5F6D3DAE72}.Release|Any CPU.Build.0 = Release|Any CPU
		{1BAAB9D4-EBFE-4648-870C-BE17FE90EB9F}.Debug|Any CPU.ActiveCfg = Debug|Any CPU
		{1BAAB9D4-EBFE-4648-870C-BE17FE90EB9F}.Debug|Any CPU.Build.0 = Debug|Any CPU
		{1BAAB9D4-EBFE-4648-870C-BE17FE90EB9F}.Release|Any CPU.ActiveCfg = Release|Any CPU
		{1BAAB9D4-EBFE-4648-870C-BE17FE90EB9F}.Release|Any CPU.Build.0 = Release|Any CPU
		{FC6A2772-4CB1-4ED1-85DF-56EF5BA133C1}.Debug|Any CPU.ActiveCfg = Debug|Any CPU
		{FC6A2772-4CB1-4ED1-85DF-56EF5BA133C1}.Debug|Any CPU.Build.0 = Debug|Any CPU
		{FC6A2772-4CB1-4ED1-85DF-56EF5BA133C1}.Release|Any CPU.ActiveCfg = Release|Any CPU
		{FC6A2772-4CB1-4ED1-85DF-56EF5BA133C1}.Release|Any CPU.Build.0 = Release|Any CPU
		{05289193-1724-4430-9EED-CD1E2D819F4D}.Debug|Any CPU.ActiveCfg = Debug|Any CPU
		{05289193-1724-4430-9EED-CD1E2D819F4D}.Debug|Any CPU.Build.0 = Debug|Any CPU
		{05289193-1724-4430-9EED-CD1E2D819F4D}.Release|Any CPU.ActiveCfg = Release|Any CPU
		{05289193-1724-4430-9EED-CD1E2D819F4D}.Release|Any CPU.Build.0 = Release|Any CPU
	EndGlobalSection
	GlobalSection(SolutionProperties) = preSolution
		HideSolutionNode = FALSE
	EndGlobalSection
EndGlobal
